
Microsoft Visual Studio Solution File, Format Version 12.00
# Visual Studio Version 17
VisualStudioVersion = 17.9.34728.123
MinimumVisualStudioVersion = 10.0.40219.1
Project("{FAE04EC0-301F-11D3-BF4B-00C04F79EFBC}") = "Method_param_return", "Method_param_return\Method_param_return.csproj", "{0D49D939-3B3D-476B-9CE4-EC446FA2B9E3}"
EndProject
Global
	GlobalSection(SolutionConfigurationPlatforms) = preSolution
		Debug|Any CPU = Debug|Any CPU
		Release|Any CPU = Release|Any CPU
	EndGlobalSection
	GlobalSection(ProjectConfigurationPlatforms) = postSolution
		{0D49D939-3B3D-476B-9CE4-EC446FA2B9E3}.Debug|Any CPU.ActiveCfg = Debug|Any CPU
		{0D49D939-3B3D-476B-9CE4-EC446FA2B9E3}.Debug|Any CPU.Build.0 = Debug|Any CPU
		{0D49D939-3B3D-476B-9CE4-EC446FA2B9E3}.Release|Any CPU.ActiveCfg = Release|Any CPU
		{0D49D939-3B3D-476B-9CE4-EC446FA2B9E3}.Release|Any CPU.Build.0 = Release|Any CPU
	EndGlobalSection
	GlobalSection(SolutionProperties) = preSolution
		HideSolutionNode = FALSE
	EndGlobalSection
	GlobalSection(ExtensibilityGlobals) = postSolution
		SolutionGuid = {100BDB5A-26C6-45E0-B087-F2DD27054DAF}
	EndGlobalSection
EndGlobal
