
Microsoft Visual Studio Solution File, Format Version 12.00
# Visual Studio Version 17
VisualStudioVersion = 17.11.35303.130
MinimumVisualStudioVersion = 10.0.40219.1
Project("{FAE04EC0-301F-11D3-BF4B-00C04F79EFBC}") = "ArrayExampple", "ArrayExampple.csproj", "{B6939F52-F95A-49CB-B9D2-0A94D3D9CA27}"
EndProject
Global
	GlobalSection(SolutionConfigurationPlatforms) = preSolution
		Debug|Any CPU = Debug|Any CPU
		Release|Any CPU = Release|Any CPU
	EndGlobalSection
	GlobalSection(ProjectConfigurationPlatforms) = postSolution
		{B6939F52-F95A-49CB-B9D2-0A94D3D9CA27}.Debug|Any CPU.ActiveCfg = Debug|Any CPU
		{B6939F52-F95A-49CB-B9D2-0A94D3D9CA27}.Debug|Any CPU.Build.0 = Debug|Any CPU
		{B6939F52-F95A-49CB-B9D2-0A94D3D9CA27}.Release|Any CPU.ActiveCfg = Release|Any CPU
		{B6939F52-F95A-49CB-B9D2-0A94D3D9CA27}.Release|Any CPU.Build.0 = Release|Any CPU
	EndGlobalSection
	GlobalSection(SolutionProperties) = preSolution
		HideSolutionNode = FALSE
	EndGlobalSection
	GlobalSection(ExtensibilityGlobals) = postSolution
		SolutionGuid = {0FD9954E-B84D-44A6-8FB1-C3EF6A6AAA2D}
	EndGlobalSection
EndGlobal
