
Microsoft Visual Studio Solution File, Format Version 12.00
# Visual Studio Version 17
VisualStudioVersion = 17.9.34728.123
MinimumVisualStudioVersion = 10.0.40219.1
Project("{FAE04EC0-301F-11D3-BF4B-00C04F79EFBC}") = "Method_OL_1", "Method_OL_1\Method_OL_1.csproj", "{50648438-DF71-46F7-9FE2-07E163F09309}"
EndProject
Global
	GlobalSection(SolutionConfigurationPlatforms) = preSolution
		Debug|Any CPU = Debug|Any CPU
		Release|Any CPU = Release|Any CPU
	EndGlobalSection
	GlobalSection(ProjectConfigurationPlatforms) = postSolution
		{50648438-DF71-46F7-9FE2-07E163F09309}.Debug|Any CPU.ActiveCfg = Debug|Any CPU
		{50648438-DF71-46F7-9FE2-07E163F09309}.Debug|Any CPU.Build.0 = Debug|Any CPU
		{50648438-DF71-46F7-9FE2-07E163F09309}.Release|Any CPU.ActiveCfg = Release|Any CPU
		{50648438-DF71-46F7-9FE2-07E163F09309}.Release|Any CPU.Build.0 = Release|Any CPU
	EndGlobalSection
	GlobalSection(SolutionProperties) = preSolution
		HideSolutionNode = FALSE
	EndGlobalSection
	GlobalSection(ExtensibilityGlobals) = postSolution
		SolutionGuid = {A52E0A81-AC49-48C5-A85D-05BD47781196}
	EndGlobalSection
EndGlobal
