
Microsoft Visual Studio Solution File, Format Version 12.00
# Visual Studio Version 17
VisualStudioVersion = 17.9.34728.123
MinimumVisualStudioVersion = 10.0.40219.1
Project("{FAE04EC0-301F-11D3-BF4B-00C04F79EFBC}") = "Method_woreturn_param", "Method_woreturn_param\Method_woreturn_param.csproj", "{0CCE2E90-62C9-4162-996A-F49CFF54C219}"
EndProject
Global
	GlobalSection(SolutionConfigurationPlatforms) = preSolution
		Debug|Any CPU = Debug|Any CPU
		Release|Any CPU = Release|Any CPU
	EndGlobalSection
	GlobalSection(ProjectConfigurationPlatforms) = postSolution
		{0CCE2E90-62C9-4162-996A-F49CFF54C219}.Debug|Any CPU.ActiveCfg = Debug|Any CPU
		{0CCE2E90-62C9-4162-996A-F49CFF54C219}.Debug|Any CPU.Build.0 = Debug|Any CPU
		{0CCE2E90-62C9-4162-996A-F49CFF54C219}.Release|Any CPU.ActiveCfg = Release|Any CPU
		{0CCE2E90-62C9-4162-996A-F49CFF54C219}.Release|Any CPU.Build.0 = Release|Any CPU
	EndGlobalSection
	GlobalSection(SolutionProperties) = preSolution
		HideSolutionNode = FALSE
	EndGlobalSection
	GlobalSection(ExtensibilityGlobals) = postSolution
		SolutionGuid = {873A335D-AAD9-4640-93F3-30CDAB7D9BDE}
	EndGlobalSection
EndGlobal
